
Microsoft Visual Studio Solution File, Format Version 12.00
# Visual Studio Version 17
VisualStudioVersion = 17.14.36603.0 d17.14
MinimumVisualStudioVersion = 10.0.40219.1
Project("{FAE04EC0-301F-11D3-BF4B-00C04F79EFBC}") = "TSoftApiClient", "TSoftApiClient.csproj", "{89EB0E5D-A778-61AD-11DB-F210E4F5100E}"
EndProject
Global
	GlobalSection(SolutionConfigurationPlatforms) = preSolution
		Debug|Any CPU = Debug|Any CPU
		Release|Any CPU = Release|Any CPU
	EndGlobalSection
	GlobalSection(ProjectConfigurationPlatforms) = postSolution
		{89EB0E5D-A778-61AD-11DB-F210E4F5100E}.Debug|Any CPU.ActiveCfg = Debug|Any CPU
		{89EB0E5D-A778-61AD-11DB-F210E4F5100E}.Debug|Any CPU.Build.0 = Debug|Any CPU
		{89EB0E5D-A778-61AD-11DB-F210E4F5100E}.Release|Any CPU.ActiveCfg = Release|Any CPU
		{89EB0E5D-A778-61AD-11DB-F210E4F5100E}.Release|Any CPU.Build.0 = Release|Any CPU
	EndGlobalSection
	GlobalSection(SolutionProperties) = preSolution
		HideSolutionNode = FALSE
	EndGlobalSection
	GlobalSection(ExtensibilityGlobals) = postSolution
		SolutionGuid = {F6C04306-ACE4-4894-A0F5-BC00CAECAEBC}
	EndGlobalSection
EndGlobal
